
Microsoft Visual Studio Solution File, Format Version 12.00
Project("{FAE04EC0-301F-11D3-BF4B-00C04F79EFBC}") = "Example.Module", "Example\Example.Module\Example.Module.csproj", "{81158A70-9092-4865-A17B-07EF7FA11FA2}"
EndProject
Project("{FAE04EC0-301F-11D3-BF4B-00C04F79EFBC}") = "Modular.Framework.Domain", "Framework\Modular.Framework.Domain\Modular.Framework.Domain.csproj", "{5CF87A92-D7A0-4DBA-951D-B673C3A398E7}"
EndProject
Project("{2150E333-8FDC-42A3-9474-1A3956D46DE8}") = "Framework", "Framework", "{F3E268AB-7559-4828-AC26-131953410894}"
EndProject
Project("{FAE04EC0-301F-11D3-BF4B-00C04F79EFBC}") = "Modular.Framework.Application", "Framework\Modular.Framework.Application\Modular.Framework.Application.csproj", "{844987BE-4F29-4503-93CA-8431411BF343}"
EndProject
Project("{FAE04EC0-301F-11D3-BF4B-00C04F79EFBC}") = "Modular.Framework.Infrastructure", "Framework\Modular.Framework.Infrastructure\Modular.Framework.Infrastructure.csproj", "{D81D8335-9EF9-424D-A114-52D613CB9DCC}"
EndProject
Project("{FAE04EC0-301F-11D3-BF4B-00C04F79EFBC}") = "Modular.Framework.Module", "Framework\Modular.Framework.Module\Modular.Framework.Module.csproj", "{2ADD3ED1-3284-450B-95FD-A4271A186CC7}"
EndProject
Project("{2150E333-8FDC-42A3-9474-1A3956D46DE8}") = "Utils", "Utils", "{190A3A10-398A-4834-A700-91EBDE2D4F0F}"
EndProject
Project("{FAE04EC0-301F-11D3-BF4B-00C04F79EFBC}") = "Modular.Utils", "Utils\Modular.Utils\Modular.Utils.csproj", "{57A6BC40-ACD7-4FF4-A55A-5F7ECB17443D}"
EndProject
Project("{2150E333-8FDC-42A3-9474-1A3956D46DE8}") = "Example", "Example", "{19848BD6-6E3E-4BE9-9AF8-5007798994C0}"
EndProject
Project("{2150E333-8FDC-42A3-9474-1A3956D46DE8}") = "Projects", "Projects", "{DCEEFAF6-DCAB-4C13-B3E5-4F558BC2D5EB}"
EndProject
Project("{FAE04EC0-301F-11D3-BF4B-00C04F79EFBC}") = "Example.Projects.Domain", "Example\Projects\Example.Projects.Domain\Example.Projects.Domain.csproj", "{EB9F2D1C-6157-456E-97AB-B9406FB011C9}"
EndProject
Project("{FAE04EC0-301F-11D3-BF4B-00C04F79EFBC}") = "Example.Shared", "Example\Example.Shared\Example.Shared.csproj", "{995B18DA-96FC-4B92-9414-1536E2B2E639}"
EndProject
Project("{FAE04EC0-301F-11D3-BF4B-00C04F79EFBC}") = "Example.Projects.Application", "Example\Projects\Example.Projects.Application\Example.Projects.Application.csproj", "{80F38CD6-4018-4FB0-BF66-D035C9916365}"
EndProject
Project("{FAE04EC0-301F-11D3-BF4B-00C04F79EFBC}") = "Example.Projects.Contracts", "Example\Projects\Example.Projects.Contracts\Example.Projects.Contracts.csproj", "{76A4A9AA-55E0-4561-AEA8-96463457175E}"
EndProject
Project("{FAE04EC0-301F-11D3-BF4B-00C04F79EFBC}") = "Example.Projects.Infrastructure", "Example\Projects\Example.Projects.Infrastructure\Example.Projects.Infrastructure.csproj", "{BE2EAFFA-FFF3-4BB7-AADD-C40B66D27DD9}"
EndProject
Project("{FAE04EC0-301F-11D3-BF4B-00C04F79EFBC}") = "Example.Projects.Module", "Example\Projects\Example.Projects.Module\Example.Projects.Module.csproj", "{1A14D1DC-EFD1-4ADE-8644-19E4EF7CCE50}"
EndProject
Project("{FAE04EC0-301F-11D3-BF4B-00C04F79EFBC}") = "Example.ReadModel", "Example\Example.ReadModel\Example.ReadModel.csproj", "{2CAE8B19-BD4C-4AA8-84BA-65A8917D8C53}"
EndProject
Project("{2150E333-8FDC-42A3-9474-1A3956D46DE8}") = "WebApp", "WebApp", "{65430066-1193-44EE-888E-000255DBD23F}"
EndProject
Project("{FAE04EC0-301F-11D3-BF4B-00C04F79EFBC}") = "Example.WebApp.Shared", "Example\WebApp\Example.WebApp.Shared\Example.WebApp.Shared.csproj", "{574CC6B0-E0E9-4024-B75B-28E48C902FDA}"
EndProject
Project("{FAE04EC0-301F-11D3-BF4B-00C04F79EFBC}") = "Example.WebApp", "Example\WebApp\Example.WebApp\Example.WebApp\Example.WebApp.csproj", "{AABFB216-B101-41DA-B7A4-E37AF6FD80A9}"
EndProject
Project("{FAE04EC0-301F-11D3-BF4B-00C04F79EFBC}") = "Example.WebApp.Client", "Example\WebApp\Example.WebApp\Example.WebApp.Client\Example.WebApp.Client.csproj", "{4E9CBBE6-60FE-4F5F-A82F-D1B5361E0595}"
EndProject
Project("{2150E333-8FDC-42A3-9474-1A3956D46DE8}") = "Solution Items", "Solution Items", "{75AD0239-750E-46CA-BE20-23CA2DE4823E}"
	ProjectSection(SolutionItems) = preProject
		..\README.md = ..\README.md
	EndProjectSection
EndProject
Project("{2150E333-8FDC-42A3-9474-1A3956D46DE8}") = "docs", "docs", "{FD00D12D-7A6B-4385-A526-19840E618AC3}"
	ProjectSection(SolutionItems) = preProject
		..\docs\architecture.png = ..\docs\architecture.png
	EndProjectSection
EndProject
Global
	GlobalSection(SolutionConfigurationPlatforms) = preSolution
		Debug|Any CPU = Debug|Any CPU
		Release|Any CPU = Release|Any CPU
	EndGlobalSection
	GlobalSection(ProjectConfigurationPlatforms) = postSolution
		{81158A70-9092-4865-A17B-07EF7FA11FA2}.Debug|Any CPU.ActiveCfg = Debug|Any CPU
		{81158A70-9092-4865-A17B-07EF7FA11FA2}.Debug|Any CPU.Build.0 = Debug|Any CPU
		{81158A70-9092-4865-A17B-07EF7FA11FA2}.Release|Any CPU.ActiveCfg = Release|Any CPU
		{81158A70-9092-4865-A17B-07EF7FA11FA2}.Release|Any CPU.Build.0 = Release|Any CPU
		{5CF87A92-D7A0-4DBA-951D-B673C3A398E7}.Debug|Any CPU.ActiveCfg = Debug|Any CPU
		{5CF87A92-D7A0-4DBA-951D-B673C3A398E7}.Debug|Any CPU.Build.0 = Debug|Any CPU
		{5CF87A92-D7A0-4DBA-951D-B673C3A398E7}.Release|Any CPU.ActiveCfg = Release|Any CPU
		{5CF87A92-D7A0-4DBA-951D-B673C3A398E7}.Release|Any CPU.Build.0 = Release|Any CPU
		{844987BE-4F29-4503-93CA-8431411BF343}.Debug|Any CPU.ActiveCfg = Debug|Any CPU
		{844987BE-4F29-4503-93CA-8431411BF343}.Debug|Any CPU.Build.0 = Debug|Any CPU
		{844987BE-4F29-4503-93CA-8431411BF343}.Release|Any CPU.ActiveCfg = Release|Any CPU
		{844987BE-4F29-4503-93CA-8431411BF343}.Release|Any CPU.Build.0 = Release|Any CPU
		{D81D8335-9EF9-424D-A114-52D613CB9DCC}.Debug|Any CPU.ActiveCfg = Debug|Any CPU
		{D81D8335-9EF9-424D-A114-52D613CB9DCC}.Debug|Any CPU.Build.0 = Debug|Any CPU
		{D81D8335-9EF9-424D-A114-52D613CB9DCC}.Release|Any CPU.ActiveCfg = Release|Any CPU
		{D81D8335-9EF9-424D-A114-52D613CB9DCC}.Release|Any CPU.Build.0 = Release|Any CPU
		{2ADD3ED1-3284-450B-95FD-A4271A186CC7}.Debug|Any CPU.ActiveCfg = Debug|Any CPU
		{2ADD3ED1-3284-450B-95FD-A4271A186CC7}.Debug|Any CPU.Build.0 = Debug|Any CPU
		{2ADD3ED1-3284-450B-95FD-A4271A186CC7}.Release|Any CPU.ActiveCfg = Release|Any CPU
		{2ADD3ED1-3284-450B-95FD-A4271A186CC7}.Release|Any CPU.Build.0 = Release|Any CPU
		{57A6BC40-ACD7-4FF4-A55A-5F7ECB17443D}.Debug|Any CPU.ActiveCfg = Debug|Any CPU
		{57A6BC40-ACD7-4FF4-A55A-5F7ECB17443D}.Debug|Any CPU.Build.0 = Debug|Any CPU
		{57A6BC40-ACD7-4FF4-A55A-5F7ECB17443D}.Release|Any CPU.ActiveCfg = Release|Any CPU
		{57A6BC40-ACD7-4FF4-A55A-5F7ECB17443D}.Release|Any CPU.Build.0 = Release|Any CPU
		{EB9F2D1C-6157-456E-97AB-B9406FB011C9}.Debug|Any CPU.ActiveCfg = Debug|Any CPU
		{EB9F2D1C-6157-456E-97AB-B9406FB011C9}.Debug|Any CPU.Build.0 = Debug|Any CPU
		{EB9F2D1C-6157-456E-97AB-B9406FB011C9}.Release|Any CPU.ActiveCfg = Release|Any CPU
		{EB9F2D1C-6157-456E-97AB-B9406FB011C9}.Release|Any CPU.Build.0 = Release|Any CPU
		{995B18DA-96FC-4B92-9414-1536E2B2E639}.Debug|Any CPU.ActiveCfg = Debug|Any CPU
		{995B18DA-96FC-4B92-9414-1536E2B2E639}.Debug|Any CPU.Build.0 = Debug|Any CPU
		{995B18DA-96FC-4B92-9414-1536E2B2E639}.Release|Any CPU.ActiveCfg = Release|Any CPU
		{995B18DA-96FC-4B92-9414-1536E2B2E639}.Release|Any CPU.Build.0 = Release|Any CPU
		{80F38CD6-4018-4FB0-BF66-D035C9916365}.Debug|Any CPU.ActiveCfg = Debug|Any CPU
		{80F38CD6-4018-4FB0-BF66-D035C9916365}.Debug|Any CPU.Build.0 = Debug|Any CPU
		{80F38CD6-4018-4FB0-BF66-D035C9916365}.Release|Any CPU.ActiveCfg = Release|Any CPU
		{80F38CD6-4018-4FB0-BF66-D035C9916365}.Release|Any CPU.Build.0 = Release|Any CPU
		{76A4A9AA-55E0-4561-AEA8-96463457175E}.Debug|Any CPU.ActiveCfg = Debug|Any CPU
		{76A4A9AA-55E0-4561-AEA8-96463457175E}.Debug|Any CPU.Build.0 = Debug|Any CPU
		{76A4A9AA-55E0-4561-AEA8-96463457175E}.Release|Any CPU.ActiveCfg = Release|Any CPU
		{76A4A9AA-55E0-4561-AEA8-96463457175E}.Release|Any CPU.Build.0 = Release|Any CPU
		{BE2EAFFA-FFF3-4BB7-AADD-C40B66D27DD9}.Debug|Any CPU.ActiveCfg = Debug|Any CPU
		{BE2EAFFA-FFF3-4BB7-AADD-C40B66D27DD9}.Debug|Any CPU.Build.0 = Debug|Any CPU
		{BE2EAFFA-FFF3-4BB7-AADD-C40B66D27DD9}.Release|Any CPU.ActiveCfg = Release|Any CPU
		{BE2EAFFA-FFF3-4BB7-AADD-C40B66D27DD9}.Release|Any CPU.Build.0 = Release|Any CPU
		{1A14D1DC-EFD1-4ADE-8644-19E4EF7CCE50}.Debug|Any CPU.ActiveCfg = Debug|Any CPU
		{1A14D1DC-EFD1-4ADE-8644-19E4EF7CCE50}.Debug|Any CPU.Build.0 = Debug|Any CPU
		{1A14D1DC-EFD1-4ADE-8644-19E4EF7CCE50}.Release|Any CPU.ActiveCfg = Release|Any CPU
		{1A14D1DC-EFD1-4ADE-8644-19E4EF7CCE50}.Release|Any CPU.Build.0 = Release|Any CPU
		{2CAE8B19-BD4C-4AA8-84BA-65A8917D8C53}.Debug|Any CPU.ActiveCfg = Debug|Any CPU
		{2CAE8B19-BD4C-4AA8-84BA-65A8917D8C53}.Debug|Any CPU.Build.0 = Debug|Any CPU
		{2CAE8B19-BD4C-4AA8-84BA-65A8917D8C53}.Release|Any CPU.ActiveCfg = Release|Any CPU
		{2CAE8B19-BD4C-4AA8-84BA-65A8917D8C53}.Release|Any CPU.Build.0 = Release|Any CPU
		{574CC6B0-E0E9-4024-B75B-28E48C902FDA}.Debug|Any CPU.ActiveCfg = Debug|Any CPU
		{574CC6B0-E0E9-4024-B75B-28E48C902FDA}.Debug|Any CPU.Build.0 = Debug|Any CPU
		{574CC6B0-E0E9-4024-B75B-28E48C902FDA}.Release|Any CPU.ActiveCfg = Release|Any CPU
		{574CC6B0-E0E9-4024-B75B-28E48C902FDA}.Release|Any CPU.Build.0 = Release|Any CPU
		{AABFB216-B101-41DA-B7A4-E37AF6FD80A9}.Debug|Any CPU.ActiveCfg = Debug|Any CPU
		{AABFB216-B101-41DA-B7A4-E37AF6FD80A9}.Debug|Any CPU.Build.0 = Debug|Any CPU
		{AABFB216-B101-41DA-B7A4-E37AF6FD80A9}.Release|Any CPU.ActiveCfg = Release|Any CPU
		{AABFB216-B101-41DA-B7A4-E37AF6FD80A9}.Release|Any CPU.Build.0 = Release|Any CPU
		{4E9CBBE6-60FE-4F5F-A82F-D1B5361E0595}.Debug|Any CPU.ActiveCfg = Debug|Any CPU
		{4E9CBBE6-60FE-4F5F-A82F-D1B5361E0595}.Debug|Any CPU.Build.0 = Debug|Any CPU
		{4E9CBBE6-60FE-4F5F-A82F-D1B5361E0595}.Release|Any CPU.ActiveCfg = Release|Any CPU
		{4E9CBBE6-60FE-4F5F-A82F-D1B5361E0595}.Release|Any CPU.Build.0 = Release|Any CPU
	EndGlobalSection
	GlobalSection(NestedProjects) = preSolution
		{5CF87A92-D7A0-4DBA-951D-B673C3A398E7} = {F3E268AB-7559-4828-AC26-131953410894}
		{844987BE-4F29-4503-93CA-8431411BF343} = {F3E268AB-7559-4828-AC26-131953410894}
		{D81D8335-9EF9-424D-A114-52D613CB9DCC} = {F3E268AB-7559-4828-AC26-131953410894}
		{2ADD3ED1-3284-450B-95FD-A4271A186CC7} = {F3E268AB-7559-4828-AC26-131953410894}
		{57A6BC40-ACD7-4FF4-A55A-5F7ECB17443D} = {190A3A10-398A-4834-A700-91EBDE2D4F0F}
		{81158A70-9092-4865-A17B-07EF7FA11FA2} = {19848BD6-6E3E-4BE9-9AF8-5007798994C0}
		{DCEEFAF6-DCAB-4C13-B3E5-4F558BC2D5EB} = {19848BD6-6E3E-4BE9-9AF8-5007798994C0}
		{EB9F2D1C-6157-456E-97AB-B9406FB011C9} = {DCEEFAF6-DCAB-4C13-B3E5-4F558BC2D5EB}
		{995B18DA-96FC-4B92-9414-1536E2B2E639} = {19848BD6-6E3E-4BE9-9AF8-5007798994C0}
		{80F38CD6-4018-4FB0-BF66-D035C9916365} = {DCEEFAF6-DCAB-4C13-B3E5-4F558BC2D5EB}
		{76A4A9AA-55E0-4561-AEA8-96463457175E} = {DCEEFAF6-DCAB-4C13-B3E5-4F558BC2D5EB}
		{BE2EAFFA-FFF3-4BB7-AADD-C40B66D27DD9} = {DCEEFAF6-DCAB-4C13-B3E5-4F558BC2D5EB}
		{1A14D1DC-EFD1-4ADE-8644-19E4EF7CCE50} = {DCEEFAF6-DCAB-4C13-B3E5-4F558BC2D5EB}
		{2CAE8B19-BD4C-4AA8-84BA-65A8917D8C53} = {19848BD6-6E3E-4BE9-9AF8-5007798994C0}
		{65430066-1193-44EE-888E-000255DBD23F} = {19848BD6-6E3E-4BE9-9AF8-5007798994C0}
		{574CC6B0-E0E9-4024-B75B-28E48C902FDA} = {65430066-1193-44EE-888E-000255DBD23F}
		{AABFB216-B101-41DA-B7A4-E37AF6FD80A9} = {65430066-1193-44EE-888E-000255DBD23F}
		{4E9CBBE6-60FE-4F5F-A82F-D1B5361E0595} = {65430066-1193-44EE-888E-000255DBD23F}
		{FD00D12D-7A6B-4385-A526-19840E618AC3} = {75AD0239-750E-46CA-BE20-23CA2DE4823E}
	EndGlobalSection
EndGlobal
